
Microsoft Visual Studio Solution File, Format Version 12.00
# Visual Studio 14
VisualStudioVersion = 14.0.25420.1
MinimumVisualStudioVersion = 10.0.40219.1
Project("{FAE04EC0-301F-11D3-BF4B-00C04F79EFBC}") = "eCommerce.WebUI", "eCommerce.WebUI\eCommerce.WebUI.csproj", "{BE45D6A9-DE22-4787-9584-26121BC35528}"
EndProject
Project("{FAE04EC0-301F-11D3-BF4B-00C04F79EFBC}") = "eCommerce.Model", "eCommerce.Model\eCommerce.Model.csproj", "{FF931F66-38FD-4DAC-9A4B-C9BA9A90480B}"
EndProject
Project("{FAE04EC0-301F-11D3-BF4B-00C04F79EFBC}") = "eCommerce.DAL", "eCommerce.DAL\eCommerce.DAL.csproj", "{143DDDE4-E136-48F8-8DC6-F199A16E8463}"
EndProject
Project("{FAE04EC0-301F-11D3-BF4B-00C04F79EFBC}") = "eCommerce.Contracts", "eCommerce.Contracts\eCommerce.Contracts.csproj", "{58572C14-B85A-46AB-9B28-001549DCDA03}"
EndProject
Project("{FAE04EC0-301F-11D3-BF4B-00C04F79EFBC}") = "eCommerce.Services", "eCommerce.Services\eCommerce.Services.csproj", "{A822D7C6-6244-4F1D-8CAB-646FE6078587}"
EndProject
Global
	GlobalSection(SolutionConfigurationPlatforms) = preSolution
		Debug|Any CPU = Debug|Any CPU
		Release|Any CPU = Release|Any CPU
	EndGlobalSection
	GlobalSection(ProjectConfigurationPlatforms) = postSolution
		{BE45D6A9-DE22-4787-9584-26121BC35528}.Debug|Any CPU.ActiveCfg = Debug|Any CPU
		{BE45D6A9-DE22-4787-9584-26121BC35528}.Debug|Any CPU.Build.0 = Debug|Any CPU
		{BE45D6A9-DE22-4787-9584-26121BC35528}.Release|Any CPU.ActiveCfg = Release|Any CPU
		{BE45D6A9-DE22-4787-9584-26121BC35528}.Release|Any CPU.Build.0 = Release|Any CPU
		{FF931F66-38FD-4DAC-9A4B-C9BA9A90480B}.Debug|Any CPU.ActiveCfg = Debug|Any CPU
		{FF931F66-38FD-4DAC-9A4B-C9BA9A90480B}.Debug|Any CPU.Build.0 = Debug|Any CPU
		{FF931F66-38FD-4DAC-9A4B-C9BA9A90480B}.Release|Any CPU.ActiveCfg = Release|Any CPU
		{FF931F66-38FD-4DAC-9A4B-C9BA9A90480B}.Release|Any CPU.Build.0 = Release|Any CPU
		{143DDDE4-E136-48F8-8DC6-F199A16E8463}.Debug|Any CPU.ActiveCfg = Debug|Any CPU
		{143DDDE4-E136-48F8-8DC6-F199A16E8463}.Debug|Any CPU.Build.0 = Debug|Any CPU
		{143DDDE4-E136-48F8-8DC6-F199A16E8463}.Release|Any CPU.ActiveCfg = Release|Any CPU
		{143DDDE4-E136-48F8-8DC6-F199A16E8463}.Release|Any CPU.Build.0 = Release|Any CPU
		{58572C14-B85A-46AB-9B28-001549DCDA03}.Debug|Any CPU.ActiveCfg = Debug|Any CPU
		{58572C14-B85A-46AB-9B28-001549DCDA03}.Debug|Any CPU.Build.0 = Debug|Any CPU
		{58572C14-B85A-46AB-9B28-001549DCDA03}.Release|Any CPU.ActiveCfg = Release|Any CPU
		{58572C14-B85A-46AB-9B28-001549DCDA03}.Release|Any CPU.Build.0 = Release|Any CPU
		{A822D7C6-6244-4F1D-8CAB-646FE6078587}.Debug|Any CPU.ActiveCfg = Debug|Any CPU
		{A822D7C6-6244-4F1D-8CAB-646FE6078587}.Debug|Any CPU.Build.0 = Debug|Any CPU
		{A822D7C6-6244-4F1D-8CAB-646FE6078587}.Release|Any CPU.ActiveCfg = Release|Any CPU
		{A822D7C6-6244-4F1D-8CAB-646FE6078587}.Release|Any CPU.Build.0 = Release|Any CPU
	EndGlobalSection
	GlobalSection(SolutionProperties) = preSolution
		HideSolutionNode = FALSE
	EndGlobalSection
EndGlobal
